
Microsoft Visual Studio Solution File, Format Version 12.00
# Visual Studio Version 16
VisualStudioVersion = 16.0.29318.209
MinimumVisualStudioVersion = 10.0.40219.1
Project("{2150E333-8FDC-42A3-9474-1A3956D46DE8}") = "src", "src", "{00ADD8F5-1A92-4D89-B758-692885578189}"
EndProject
Project("{2150E333-8FDC-42A3-9474-1A3956D46DE8}") = "test", "test", "{6F4730B5-65BD-405D-AD5B-3A6A7A953523}"
EndProject
Project("{9A19103F-16F7-4668-BE54-9A1E7A4F7556}") = "WebApplication1", "src\WebApplication1\WebApplication1.csproj", "{201C24BD-4262-4367-A26A-EF60693D2776}"
EndProject
Project("{9A19103F-16F7-4668-BE54-9A1E7A4F7556}") = "XUnitTestProject1", "test\XUnitTestProject1\XUnitTestProject1.csproj", "{7C9DA951-69FE-4C6C-AFF2-7CF39C44F59D}"
EndProject
Global
	GlobalSection(SolutionConfigurationPlatforms) = preSolution
		Debug|Any CPU = Debug|Any CPU
		Release|Any CPU = Release|Any CPU
	EndGlobalSection
	GlobalSection(ProjectConfigurationPlatforms) = postSolution
		{201C24BD-4262-4367-A26A-EF60693D2776}.Debug|Any CPU.ActiveCfg = Debug|Any CPU
		{201C24BD-4262-4367-A26A-EF60693D2776}.Debug|Any CPU.Build.0 = Debug|Any CPU
		{201C24BD-4262-4367-A26A-EF60693D2776}.Release|Any CPU.ActiveCfg = Release|Any CPU
		{201C24BD-4262-4367-A26A-EF60693D2776}.Release|Any CPU.Build.0 = Release|Any CPU
		{7C9DA951-69FE-4C6C-AFF2-7CF39C44F59D}.Debug|Any CPU.ActiveCfg = Debug|Any CPU
		{7C9DA951-69FE-4C6C-AFF2-7CF39C44F59D}.Debug|Any CPU.Build.0 = Debug|Any CPU
		{7C9DA951-69FE-4C6C-AFF2-7CF39C44F59D}.Release|Any CPU.ActiveCfg = Release|Any CPU
		{7C9DA951-69FE-4C6C-AFF2-7CF39C44F59D}.Release|Any CPU.Build.0 = Release|Any CPU
	EndGlobalSection
	GlobalSection(SolutionProperties) = preSolution
		HideSolutionNode = FALSE
	EndGlobalSection
	GlobalSection(NestedProjects) = preSolution
		{201C24BD-4262-4367-A26A-EF60693D2776} = {00ADD8F5-1A92-4D89-B758-692885578189}
		{7C9DA951-69FE-4C6C-AFF2-7CF39C44F59D} = {6F4730B5-65BD-405D-AD5B-3A6A7A953523}
	EndGlobalSection
	GlobalSection(ExtensibilityGlobals) = postSolution
		SolutionGuid = {922288F1-0C3F-4CCF-9967-5420C978A08E}
	EndGlobalSection
EndGlobal
