
Microsoft Visual Studio Solution File, Format Version 12.00
# Visual Studio Version 16
VisualStudioVersion = 16.0.29318.209
MinimumVisualStudioVersion = 10.0.40219.1
Project("{9A19103F-16F7-4668-BE54-9A1E7A4F7556}") = "WebApplication1", "WebApplication1\WebApplication1.csproj", "{B2234E30-6570-4989-820A-FC1C4791FA19}"
EndProject
Project("{FAE04EC0-301F-11D3-BF4B-00C04F79EFBC}") = "XUnitTestProject1", "XUnitTestProject1\XUnitTestProject1.csproj", "{9385E5DE-1C66-4875-BF3A-91DA3E0CC959}"
EndProject
Global
	GlobalSection(SolutionConfigurationPlatforms) = preSolution
		Debug|Any CPU = Debug|Any CPU
		Release|Any CPU = Release|Any CPU
	EndGlobalSection
	GlobalSection(ProjectConfigurationPlatforms) = postSolution
		{B2234E30-6570-4989-820A-FC1C4791FA19}.Debug|Any CPU.ActiveCfg = Debug|Any CPU
		{B2234E30-6570-4989-820A-FC1C4791FA19}.Debug|Any CPU.Build.0 = Debug|Any CPU
		{B2234E30-6570-4989-820A-FC1C4791FA19}.Release|Any CPU.ActiveCfg = Release|Any CPU
		{B2234E30-6570-4989-820A-FC1C4791FA19}.Release|Any CPU.Build.0 = Release|Any CPU
		{9385E5DE-1C66-4875-BF3A-91DA3E0CC959}.Debug|Any CPU.ActiveCfg = Debug|Any CPU
		{9385E5DE-1C66-4875-BF3A-91DA3E0CC959}.Debug|Any CPU.Build.0 = Debug|Any CPU
		{9385E5DE-1C66-4875-BF3A-91DA3E0CC959}.Release|Any CPU.ActiveCfg = Release|Any CPU
		{9385E5DE-1C66-4875-BF3A-91DA3E0CC959}.Release|Any CPU.Build.0 = Release|Any CPU
	EndGlobalSection
	GlobalSection(SolutionProperties) = preSolution
		HideSolutionNode = FALSE
	EndGlobalSection
	GlobalSection(ExtensibilityGlobals) = postSolution
		SolutionGuid = {922288F1-0C3F-4CCF-9967-5420C978A08E}
	EndGlobalSection
EndGlobal
